
Microsoft Visual Studio Solution File, Format Version 12.00
# Visual Studio Version 16
VisualStudioVersion = 16.0.30204.135
MinimumVisualStudioVersion = 10.0.40219.1
Project("{FAE04EC0-301F-11D3-BF4B-00C04F79EFBC}") = "OrderProcessingTool", "OrderProcessingTool\OrderProcessingTool.csproj", "{BDAA9AD3-E82F-4846-B315-26F224068706}"
EndProject
Project("{FAE04EC0-301F-11D3-BF4B-00C04F79EFBC}") = "OrderProcessingToolTest", "OrderProcessingToolTest\OrderProcessingToolTest.csproj", "{AA7DE7D9-39B1-4575-9940-5A46522E2FE1}"
EndProject
Global
	GlobalSection(SolutionConfigurationPlatforms) = preSolution
		Debug|Any CPU = Debug|Any CPU
		Release|Any CPU = Release|Any CPU
	EndGlobalSection
	GlobalSection(ProjectConfigurationPlatforms) = postSolution
		{BDAA9AD3-E82F-4846-B315-26F224068706}.Debug|Any CPU.ActiveCfg = Debug|Any CPU
		{BDAA9AD3-E82F-4846-B315-26F224068706}.Debug|Any CPU.Build.0 = Debug|Any CPU
		{BDAA9AD3-E82F-4846-B315-26F224068706}.Release|Any CPU.ActiveCfg = Release|Any CPU
		{BDAA9AD3-E82F-4846-B315-26F224068706}.Release|Any CPU.Build.0 = Release|Any CPU
		{AA7DE7D9-39B1-4575-9940-5A46522E2FE1}.Debug|Any CPU.ActiveCfg = Debug|Any CPU
		{AA7DE7D9-39B1-4575-9940-5A46522E2FE1}.Debug|Any CPU.Build.0 = Debug|Any CPU
		{AA7DE7D9-39B1-4575-9940-5A46522E2FE1}.Release|Any CPU.ActiveCfg = Release|Any CPU
		{AA7DE7D9-39B1-4575-9940-5A46522E2FE1}.Release|Any CPU.Build.0 = Release|Any CPU
	EndGlobalSection
	GlobalSection(SolutionProperties) = preSolution
		HideSolutionNode = FALSE
	EndGlobalSection
	GlobalSection(ExtensibilityGlobals) = postSolution
		SolutionGuid = {47833310-807F-4A9D-A039-05CCC06068AD}
	EndGlobalSection
EndGlobal
